
Microsoft Visual Studio Solution File, Format Version 12.00
# Visual Studio Version 17
VisualStudioVersion = 17.5.33424.131
MinimumVisualStudioVersion = 10.0.40219.1
Project("{FAE04EC0-301F-11D3-BF4B-00C04F79EFBC}") = "2HomeWork", "2HomeWork\2HomeWork.csproj", "{51AF38EA-71BA-417B-B98B-AEFB21084539}"
EndProject
Global
	GlobalSection(SolutionConfigurationPlatforms) = preSolution
		Debug|Any CPU = Debug|Any CPU
		Release|Any CPU = Release|Any CPU
	EndGlobalSection
	GlobalSection(ProjectConfigurationPlatforms) = postSolution
		{51AF38EA-71BA-417B-B98B-AEFB21084539}.Debug|Any CPU.ActiveCfg = Debug|Any CPU
		{51AF38EA-71BA-417B-B98B-AEFB21084539}.Debug|Any CPU.Build.0 = Debug|Any CPU
		{51AF38EA-71BA-417B-B98B-AEFB21084539}.Release|Any CPU.ActiveCfg = Release|Any CPU
		{51AF38EA-71BA-417B-B98B-AEFB21084539}.Release|Any CPU.Build.0 = Release|Any CPU
	EndGlobalSection
	GlobalSection(SolutionProperties) = preSolution
		HideSolutionNode = FALSE
	EndGlobalSection
	GlobalSection(ExtensibilityGlobals) = postSolution
		SolutionGuid = {27D888E2-8C5A-458E-BE8B-2C6CBFFBCC63}
	EndGlobalSection
EndGlobal
